
Microsoft Visual Studio Solution File, Format Version 12.00
# Visual Studio 15
VisualStudioVersion = 15.0.26228.4
MinimumVisualStudioVersion = 10.0.40219.1
Project("{2150E333-8FDC-42A3-9474-1A3956D46DE8}") = "Solution Items", "Solution Items", "{E4E615AA-C130-4F4B-BF11-30113A3D9106}"
	ProjectSection(SolutionItems) = preProject
		BusinessEntiies.vsmdi = BusinessEntiies.vsmdi
		IronFramework.vsd = IronFramework.vsd
		Local.testsettings = Local.testsettings
		TraceAndTestImpact.testsettings = TraceAndTestImpact.testsettings
	EndProjectSection
EndProject
Project("{2150E333-8FDC-42A3-9474-1A3956D46DE8}") = "BusinessLayer", "BusinessLayer", "{76DBC519-398A-40A4-8013-487766546659}"
EndProject
Project("{2150E333-8FDC-42A3-9474-1A3956D46DE8}") = "DataAccessLayer", "DataAccessLayer", "{286A40D1-325A-4B22-BF51-7565F84D4832}"
EndProject
Project("{2150E333-8FDC-42A3-9474-1A3956D46DE8}") = "Presentation", "Presentation", "{4A375043-6480-4ADA-B53A-64EA3DF5E056}"
EndProject
Project("{2150E333-8FDC-42A3-9474-1A3956D46DE8}") = "Tests", "Tests", "{BE104F43-18A5-4592-A830-C861ACB0BBDE}"
EndProject
Project("{2150E333-8FDC-42A3-9474-1A3956D46DE8}") = "Common", "Common", "{5969F89E-CAB4-4B01-A13B-0EEA49CA6B79}"
EndProject
Project("{2150E333-8FDC-42A3-9474-1A3956D46DE8}") = "Service", "Service", "{73C4AB7D-4985-43F9-AA97-0757617511E8}"
EndProject
Project("{2150E333-8FDC-42A3-9474-1A3956D46DE8}") = "Documents", "Documents", "{771FFCA8-59E0-40EC-B301-0F3F96616E04}"
	ProjectSection(SolutionItems) = preProject
		Changes.txt = Changes.txt
		Iron Framework developer guide.docx = Iron Framework developer guide.docx
		Readme.txt = Readme.txt
	EndProjectSection
EndProject
Project("{FAE04EC0-301F-11D3-BF4B-00C04F79EFBC}") = "BusinessObject", "BusinessObject\BusinessObject.csproj", "{B7BAD4BB-923B-44D8-B908-7C0D257FA78B}"
EndProject
Project("{FAE04EC0-301F-11D3-BF4B-00C04F79EFBC}") = "IronFramework.Utility", "Utility\IronFramework.Utility.csproj", "{70A400B0-6FE0-4007-AF35-E99835F39922}"
EndProject
Project("{FAE04EC0-301F-11D3-BF4B-00C04F79EFBC}") = "DataAccessObject", "DataAccessObject\DataAccessObject.csproj", "{5E9D240E-1271-4963-9C3F-FDF2F5522ADE}"
EndProject
Project("{FAE04EC0-301F-11D3-BF4B-00C04F79EFBC}") = "BoService", "BoService\BoService.csproj", "{BF154A8B-0142-4570-B840-5974E88E2DF7}"
EndProject
Project("{FAE04EC0-301F-11D3-BF4B-00C04F79EFBC}") = "UnitTest", "UnitTest\UnitTest.csproj", "{190DBAEE-A744-42DE-85B7-2E9BD256971F}"
EndProject
Project("{FAE04EC0-301F-11D3-BF4B-00C04F79EFBC}") = "MvcApp.Tests", "MvcApp.Tests\MvcApp.Tests.csproj", "{CE7E6223-332A-4320-ACAD-FD0DB154625C}"
EndProject
Project("{FAE04EC0-301F-11D3-BF4B-00C04F79EFBC}") = "ServiceProxy", "ServicePoxry\ServiceProxy.csproj", "{90CE0470-475D-4D58-98C0-A1D2D86FF266}"
	ProjectSection(ProjectDependencies) = postProject
		{BF154A8B-0142-4570-B840-5974E88E2DF7} = {BF154A8B-0142-4570-B840-5974E88E2DF7}
	EndProjectSection
EndProject
Project("{FAE04EC0-301F-11D3-BF4B-00C04F79EFBC}") = "BusinessEntities", "BusinessEntities\BusinessEntities.csproj", "{72AED1A2-1B70-4ED9-9F97-506A7EA9EB51}"
EndProject
Project("{FAE04EC0-301F-11D3-BF4B-00C04F79EFBC}") = "MVC5Web", "MVC5Web\MVC5Web.csproj", "{5FD82166-C8C7-4D0A-B1A1-203DDF398A66}"
EndProject
Project("{FAE04EC0-301F-11D3-BF4B-00C04F79EFBC}") = "WebFormApp", "WebApp\WebFormApp.csproj", "{BE7BE133-9EBE-42E9-884B-A7B026FCDA12}"
EndProject
Project("{FAE04EC0-301F-11D3-BF4B-00C04F79EFBC}") = "WebApi2", "WebApi2\WebApi2.csproj", "{46CFD862-718B-47EA-A971-519F5FBE151D}"
EndProject
Project("{FAE04EC0-301F-11D3-BF4B-00C04F79EFBC}") = "IronFramework.TestCommon", "IronFramework.TestCommon\IronFramework.TestCommon.csproj", "{89B6D6EE-8682-4B61-9977-E012E04696FB}"
EndProject
Project("{FAE04EC0-301F-11D3-BF4B-00C04F79EFBC}") = "DataTransferObject", "DataTransferObject\DataTransferObject.csproj", "{8A550FC8-2CE5-4774-A565-B38899352366}"
EndProject
Project("{FAE04EC0-301F-11D3-BF4B-00C04F79EFBC}") = "IronFramework.Common.Data", "IronFramework.Common.Data\IronFramework.Common.Data.csproj", "{05AB9A19-A841-4023-AB49-F0DF261B0BF9}"
EndProject
Project("{FAE04EC0-301F-11D3-BF4B-00C04F79EFBC}") = "IronFramework.Common.Config", "IronFramework.Common.Config\IronFramework.Common.Config.csproj", "{3140AD4F-B33D-421D-B8EF-25EA384E8C76}"
EndProject
Project("{FAE04EC0-301F-11D3-BF4B-00C04F79EFBC}") = "IronFramework.Common.Logging", "IronFramework.Common.Logging\IronFramework.Common.Logging.csproj", "{7E511144-7FA1-47C7-909A-E5331A186809}"
EndProject
Project("{FAE04EC0-301F-11D3-BF4B-00C04F79EFBC}") = "IronFramework.Common.IOC", "IronFramework.Common.IOC\IronFramework.Common.IOC.csproj", "{D6D8E0DB-E92B-4946-AB74-716C99F8A45F}"
EndProject
Project("{FAE04EC0-301F-11D3-BF4B-00C04F79EFBC}") = "DataServiceClient", "DataServiceClient\DataServiceClient.csproj", "{87FB76B7-9138-4981-AA38-F85BEEAE905B}"
EndProject
Project("{FAE04EC0-301F-11D3-BF4B-00C04F79EFBC}") = "WCFServiceClient", "WCFServiceClient\WCFServiceClient.csproj", "{3BC57283-C8C4-4840-A081-35F88830FD00}"
EndProject
Project("{FAE04EC0-301F-11D3-BF4B-00C04F79EFBC}") = "DotCoreWebAPI", "DotCoreWebAPI\DotCoreWebAPI.csproj", "{ABBAAD49-5175-45AB-93B8-E62B07F90DEE}"
EndProject
Project("{E53339B2-1760-4266-BCC7-CA923CBCF16C}") = "docker-compose", "docker-compose.dcproj", "{84C85BFA-0997-4E2B-85FC-473F82FE124A}"
EndProject
Global
	GlobalSection(SolutionConfigurationPlatforms) = preSolution
		Debug|Any CPU = Debug|Any CPU
		Release|Any CPU = Release|Any CPU
	EndGlobalSection
	GlobalSection(ProjectConfigurationPlatforms) = postSolution
		{B7BAD4BB-923B-44D8-B908-7C0D257FA78B}.Debug|Any CPU.ActiveCfg = Debug|Any CPU
		{B7BAD4BB-923B-44D8-B908-7C0D257FA78B}.Debug|Any CPU.Build.0 = Debug|Any CPU
		{B7BAD4BB-923B-44D8-B908-7C0D257FA78B}.Release|Any CPU.ActiveCfg = Release|Any CPU
		{B7BAD4BB-923B-44D8-B908-7C0D257FA78B}.Release|Any CPU.Build.0 = Release|Any CPU
		{70A400B0-6FE0-4007-AF35-E99835F39922}.Debug|Any CPU.ActiveCfg = Debug|Any CPU
		{70A400B0-6FE0-4007-AF35-E99835F39922}.Debug|Any CPU.Build.0 = Debug|Any CPU
		{70A400B0-6FE0-4007-AF35-E99835F39922}.Release|Any CPU.ActiveCfg = Release|Any CPU
		{70A400B0-6FE0-4007-AF35-E99835F39922}.Release|Any CPU.Build.0 = Release|Any CPU
		{5E9D240E-1271-4963-9C3F-FDF2F5522ADE}.Debug|Any CPU.ActiveCfg = Debug|Any CPU
		{5E9D240E-1271-4963-9C3F-FDF2F5522ADE}.Debug|Any CPU.Build.0 = Debug|Any CPU
		{5E9D240E-1271-4963-9C3F-FDF2F5522ADE}.Release|Any CPU.ActiveCfg = Release|Any CPU
		{5E9D240E-1271-4963-9C3F-FDF2F5522ADE}.Release|Any CPU.Build.0 = Release|Any CPU
		{BF154A8B-0142-4570-B840-5974E88E2DF7}.Debug|Any CPU.ActiveCfg = Debug|Any CPU
		{BF154A8B-0142-4570-B840-5974E88E2DF7}.Debug|Any CPU.Build.0 = Debug|Any CPU
		{BF154A8B-0142-4570-B840-5974E88E2DF7}.Release|Any CPU.ActiveCfg = Release|Any CPU
		{BF154A8B-0142-4570-B840-5974E88E2DF7}.Release|Any CPU.Build.0 = Release|Any CPU
		{190DBAEE-A744-42DE-85B7-2E9BD256971F}.Debug|Any CPU.ActiveCfg = Debug|Any CPU
		{190DBAEE-A744-42DE-85B7-2E9BD256971F}.Debug|Any CPU.Build.0 = Debug|Any CPU
		{190DBAEE-A744-42DE-85B7-2E9BD256971F}.Release|Any CPU.ActiveCfg = Release|Any CPU
		{190DBAEE-A744-42DE-85B7-2E9BD256971F}.Release|Any CPU.Build.0 = Release|Any CPU
		{CE7E6223-332A-4320-ACAD-FD0DB154625C}.Debug|Any CPU.ActiveCfg = Debug|Any CPU
		{CE7E6223-332A-4320-ACAD-FD0DB154625C}.Debug|Any CPU.Build.0 = Debug|Any CPU
		{CE7E6223-332A-4320-ACAD-FD0DB154625C}.Release|Any CPU.ActiveCfg = Release|Any CPU
		{CE7E6223-332A-4320-ACAD-FD0DB154625C}.Release|Any CPU.Build.0 = Release|Any CPU
		{90CE0470-475D-4D58-98C0-A1D2D86FF266}.Debug|Any CPU.ActiveCfg = Debug|Any CPU
		{90CE0470-475D-4D58-98C0-A1D2D86FF266}.Debug|Any CPU.Build.0 = Debug|Any CPU
		{90CE0470-475D-4D58-98C0-A1D2D86FF266}.Release|Any CPU.ActiveCfg = Release|Any CPU
		{90CE0470-475D-4D58-98C0-A1D2D86FF266}.Release|Any CPU.Build.0 = Release|Any CPU
		{72AED1A2-1B70-4ED9-9F97-506A7EA9EB51}.Debug|Any CPU.ActiveCfg = Debug|Any CPU
		{72AED1A2-1B70-4ED9-9F97-506A7EA9EB51}.Debug|Any CPU.Build.0 = Debug|Any CPU
		{72AED1A2-1B70-4ED9-9F97-506A7EA9EB51}.Release|Any CPU.ActiveCfg = Release|Any CPU
		{72AED1A2-1B70-4ED9-9F97-506A7EA9EB51}.Release|Any CPU.Build.0 = Release|Any CPU
		{5FD82166-C8C7-4D0A-B1A1-203DDF398A66}.Debug|Any CPU.ActiveCfg = Debug|Any CPU
		{5FD82166-C8C7-4D0A-B1A1-203DDF398A66}.Debug|Any CPU.Build.0 = Debug|Any CPU
		{5FD82166-C8C7-4D0A-B1A1-203DDF398A66}.Release|Any CPU.ActiveCfg = Release|Any CPU
		{5FD82166-C8C7-4D0A-B1A1-203DDF398A66}.Release|Any CPU.Build.0 = Release|Any CPU
		{BE7BE133-9EBE-42E9-884B-A7B026FCDA12}.Debug|Any CPU.ActiveCfg = Debug|Any CPU
		{BE7BE133-9EBE-42E9-884B-A7B026FCDA12}.Debug|Any CPU.Build.0 = Debug|Any CPU
		{BE7BE133-9EBE-42E9-884B-A7B026FCDA12}.Release|Any CPU.ActiveCfg = Release|Any CPU
		{BE7BE133-9EBE-42E9-884B-A7B026FCDA12}.Release|Any CPU.Build.0 = Release|Any CPU
		{46CFD862-718B-47EA-A971-519F5FBE151D}.Debug|Any CPU.ActiveCfg = Debug|Any CPU
		{46CFD862-718B-47EA-A971-519F5FBE151D}.Debug|Any CPU.Build.0 = Debug|Any CPU
		{46CFD862-718B-47EA-A971-519F5FBE151D}.Release|Any CPU.ActiveCfg = Release|Any CPU
		{46CFD862-718B-47EA-A971-519F5FBE151D}.Release|Any CPU.Build.0 = Release|Any CPU
		{89B6D6EE-8682-4B61-9977-E012E04696FB}.Debug|Any CPU.ActiveCfg = Debug|Any CPU
		{89B6D6EE-8682-4B61-9977-E012E04696FB}.Debug|Any CPU.Build.0 = Debug|Any CPU
		{89B6D6EE-8682-4B61-9977-E012E04696FB}.Release|Any CPU.ActiveCfg = Release|Any CPU
		{89B6D6EE-8682-4B61-9977-E012E04696FB}.Release|Any CPU.Build.0 = Release|Any CPU
		{8A550FC8-2CE5-4774-A565-B38899352366}.Debug|Any CPU.ActiveCfg = Debug|Any CPU
		{8A550FC8-2CE5-4774-A565-B38899352366}.Debug|Any CPU.Build.0 = Debug|Any CPU
		{8A550FC8-2CE5-4774-A565-B38899352366}.Release|Any CPU.ActiveCfg = Release|Any CPU
		{8A550FC8-2CE5-4774-A565-B38899352366}.Release|Any CPU.Build.0 = Release|Any CPU
		{05AB9A19-A841-4023-AB49-F0DF261B0BF9}.Debug|Any CPU.ActiveCfg = Debug|Any CPU
		{05AB9A19-A841-4023-AB49-F0DF261B0BF9}.Debug|Any CPU.Build.0 = Debug|Any CPU
		{05AB9A19-A841-4023-AB49-F0DF261B0BF9}.Release|Any CPU.ActiveCfg = Release|Any CPU
		{05AB9A19-A841-4023-AB49-F0DF261B0BF9}.Release|Any CPU.Build.0 = Release|Any CPU
		{3140AD4F-B33D-421D-B8EF-25EA384E8C76}.Debug|Any CPU.ActiveCfg = Debug|Any CPU
		{3140AD4F-B33D-421D-B8EF-25EA384E8C76}.Debug|Any CPU.Build.0 = Debug|Any CPU
		{3140AD4F-B33D-421D-B8EF-25EA384E8C76}.Release|Any CPU.ActiveCfg = Release|Any CPU
		{3140AD4F-B33D-421D-B8EF-25EA384E8C76}.Release|Any CPU.Build.0 = Release|Any CPU
		{7E511144-7FA1-47C7-909A-E5331A186809}.Debug|Any CPU.ActiveCfg = Debug|Any CPU
		{7E511144-7FA1-47C7-909A-E5331A186809}.Debug|Any CPU.Build.0 = Debug|Any CPU
		{7E511144-7FA1-47C7-909A-E5331A186809}.Release|Any CPU.ActiveCfg = Release|Any CPU
		{7E511144-7FA1-47C7-909A-E5331A186809}.Release|Any CPU.Build.0 = Release|Any CPU
		{D6D8E0DB-E92B-4946-AB74-716C99F8A45F}.Debug|Any CPU.ActiveCfg = Debug|Any CPU
		{D6D8E0DB-E92B-4946-AB74-716C99F8A45F}.Debug|Any CPU.Build.0 = Debug|Any CPU
		{D6D8E0DB-E92B-4946-AB74-716C99F8A45F}.Release|Any CPU.ActiveCfg = Release|Any CPU
		{D6D8E0DB-E92B-4946-AB74-716C99F8A45F}.Release|Any CPU.Build.0 = Release|Any CPU
		{87FB76B7-9138-4981-AA38-F85BEEAE905B}.Debug|Any CPU.ActiveCfg = Debug|Any CPU
		{87FB76B7-9138-4981-AA38-F85BEEAE905B}.Debug|Any CPU.Build.0 = Debug|Any CPU
		{87FB76B7-9138-4981-AA38-F85BEEAE905B}.Release|Any CPU.ActiveCfg = Release|Any CPU
		{87FB76B7-9138-4981-AA38-F85BEEAE905B}.Release|Any CPU.Build.0 = Release|Any CPU
		{3BC57283-C8C4-4840-A081-35F88830FD00}.Debug|Any CPU.ActiveCfg = Debug|Any CPU
		{3BC57283-C8C4-4840-A081-35F88830FD00}.Debug|Any CPU.Build.0 = Debug|Any CPU
		{3BC57283-C8C4-4840-A081-35F88830FD00}.Release|Any CPU.ActiveCfg = Release|Any CPU
		{3BC57283-C8C4-4840-A081-35F88830FD00}.Release|Any CPU.Build.0 = Release|Any CPU
		{ABBAAD49-5175-45AB-93B8-E62B07F90DEE}.Debug|Any CPU.ActiveCfg = Debug|Any CPU
		{ABBAAD49-5175-45AB-93B8-E62B07F90DEE}.Debug|Any CPU.Build.0 = Debug|Any CPU
		{ABBAAD49-5175-45AB-93B8-E62B07F90DEE}.Release|Any CPU.ActiveCfg = Release|Any CPU
		{ABBAAD49-5175-45AB-93B8-E62B07F90DEE}.Release|Any CPU.Build.0 = Release|Any CPU
		{84C85BFA-0997-4E2B-85FC-473F82FE124A}.Debug|Any CPU.ActiveCfg = Debug|Any CPU
		{84C85BFA-0997-4E2B-85FC-473F82FE124A}.Debug|Any CPU.Build.0 = Debug|Any CPU
		{84C85BFA-0997-4E2B-85FC-473F82FE124A}.Release|Any CPU.ActiveCfg = Release|Any CPU
		{84C85BFA-0997-4E2B-85FC-473F82FE124A}.Release|Any CPU.Build.0 = Release|Any CPU
	EndGlobalSection
	GlobalSection(SolutionProperties) = preSolution
		HideSolutionNode = FALSE
	EndGlobalSection
	GlobalSection(NestedProjects) = preSolution
		{B7BAD4BB-923B-44D8-B908-7C0D257FA78B} = {76DBC519-398A-40A4-8013-487766546659}
		{70A400B0-6FE0-4007-AF35-E99835F39922} = {5969F89E-CAB4-4B01-A13B-0EEA49CA6B79}
		{5E9D240E-1271-4963-9C3F-FDF2F5522ADE} = {286A40D1-325A-4B22-BF51-7565F84D4832}
		{BF154A8B-0142-4570-B840-5974E88E2DF7} = {73C4AB7D-4985-43F9-AA97-0757617511E8}
		{190DBAEE-A744-42DE-85B7-2E9BD256971F} = {BE104F43-18A5-4592-A830-C861ACB0BBDE}
		{CE7E6223-332A-4320-ACAD-FD0DB154625C} = {BE104F43-18A5-4592-A830-C861ACB0BBDE}
		{90CE0470-475D-4D58-98C0-A1D2D86FF266} = {4A375043-6480-4ADA-B53A-64EA3DF5E056}
		{72AED1A2-1B70-4ED9-9F97-506A7EA9EB51} = {76DBC519-398A-40A4-8013-487766546659}
		{5FD82166-C8C7-4D0A-B1A1-203DDF398A66} = {4A375043-6480-4ADA-B53A-64EA3DF5E056}
		{BE7BE133-9EBE-42E9-884B-A7B026FCDA12} = {4A375043-6480-4ADA-B53A-64EA3DF5E056}
		{46CFD862-718B-47EA-A971-519F5FBE151D} = {73C4AB7D-4985-43F9-AA97-0757617511E8}
		{89B6D6EE-8682-4B61-9977-E012E04696FB} = {BE104F43-18A5-4592-A830-C861ACB0BBDE}
		{8A550FC8-2CE5-4774-A565-B38899352366} = {76DBC519-398A-40A4-8013-487766546659}
		{05AB9A19-A841-4023-AB49-F0DF261B0BF9} = {5969F89E-CAB4-4B01-A13B-0EEA49CA6B79}
		{3140AD4F-B33D-421D-B8EF-25EA384E8C76} = {5969F89E-CAB4-4B01-A13B-0EEA49CA6B79}
		{7E511144-7FA1-47C7-909A-E5331A186809} = {5969F89E-CAB4-4B01-A13B-0EEA49CA6B79}
		{D6D8E0DB-E92B-4946-AB74-716C99F8A45F} = {5969F89E-CAB4-4B01-A13B-0EEA49CA6B79}
		{87FB76B7-9138-4981-AA38-F85BEEAE905B} = {73C4AB7D-4985-43F9-AA97-0757617511E8}
		{3BC57283-C8C4-4840-A081-35F88830FD00} = {73C4AB7D-4985-43F9-AA97-0757617511E8}
		{ABBAAD49-5175-45AB-93B8-E62B07F90DEE} = {73C4AB7D-4985-43F9-AA97-0757617511E8}
	EndGlobalSection
	GlobalSection(ExtensibilityGlobals) = postSolution
		EnterpriseLibraryConfigurationToolBinariesPathV6 = packages\EnterpriseLibrary.Common.6.0.1304.0\lib\NET45
	EndGlobalSection
	GlobalSection(SubversionScc) = preSolution
		Svn-Managed = True
		Manager = AnkhSVN - Subversion Support for Visual Studio
	EndGlobalSection
	GlobalSection(TestCaseManagementSettings) = postSolution
		CategoryFile = BusinessEntiies.vsmdi
	EndGlobalSection
EndGlobal
