
Microsoft Visual Studio Solution File, Format Version 12.00
# Visual Studio 2013
VisualStudioVersion = 12.0.31101.0
MinimumVisualStudioVersion = 10.0.40219.1
Project("{FAE04EC0-301F-11D3-BF4B-00C04F79EFBC}") = "BusinessEntities", "BusinessEntities\BusinessEntities.csproj", "{72AED1A2-1B70-4ED9-9F97-506A7EA9EB51}"
EndProject
Project("{FAE04EC0-301F-11D3-BF4B-00C04F79EFBC}") = "IronFramework.Utility", "Utility\IronFramework.Utility.csproj", "{70A400B0-6FE0-4007-AF35-E99835F39922}"
EndProject
Project("{FAE04EC0-301F-11D3-BF4B-00C04F79EFBC}") = "BusinessObject", "BusinessObject\BusinessObject.csproj", "{B7BAD4BB-923B-44D8-B908-7C0D257FA78B}"
EndProject
Project("{FAE04EC0-301F-11D3-BF4B-00C04F79EFBC}") = "BoService", "BoService\BoService.csproj", "{BF154A8B-0142-4570-B840-5974E88E2DF7}"
EndProject
Project("{FAE04EC0-301F-11D3-BF4B-00C04F79EFBC}") = "DataAccessObject", "DataAccessObject\DataAccessObject.csproj", "{5E9D240E-1271-4963-9C3F-FDF2F5522ADE}"
EndProject
Project("{F088123C-0E9E-452A-89E6-6BA2F21D5CAC}") = "IronModelingProject", "IronModelingProject\IronModelingProject.modelproj", "{885F614C-A368-443A-87E5-EF0C8AF51695}"
EndProject
Project("{FAE04EC0-301F-11D3-BF4B-00C04F79EFBC}") = "WebMvcApp", "MvcApp\WebMvcApp.csproj", "{FD090D57-3540-4E7D-90FE-CB33DC797B7C}"
EndProject
Project("{FAE04EC0-301F-11D3-BF4B-00C04F79EFBC}") = "MvcApp.Tests", "MvcApp.Tests\MvcApp.Tests.csproj", "{CE7E6223-332A-4320-ACAD-FD0DB154625C}"
EndProject
Project("{FAE04EC0-301F-11D3-BF4B-00C04F79EFBC}") = "UnitTest", "UnitTest\UnitTest.csproj", "{190DBAEE-A744-42DE-85B7-2E9BD256971F}"
EndProject
Project("{FAE04EC0-301F-11D3-BF4B-00C04F79EFBC}") = "ServiceProxy", "ServicePoxry\ServiceProxy.csproj", "{90CE0470-475D-4D58-98C0-A1D2D86FF266}"
EndProject
Project("{FAE04EC0-301F-11D3-BF4B-00C04F79EFBC}") = "WebFormApp", "WebApp\WebFormApp.csproj", "{BE7BE133-9EBE-42E9-884B-A7B026FCDA12}"
EndProject
Project("{2150E333-8FDC-42A3-9474-1A3956D46DE8}") = "Common", "Common", "{C4C69A57-F9F2-45A5-834D-75D03B6EFA26}"
EndProject
Project("{2150E333-8FDC-42A3-9474-1A3956D46DE8}") = "Preseation", "Preseation", "{C473E42B-4C5B-4C4C-81E5-55BF609BBB84}"
EndProject
Project("{2150E333-8FDC-42A3-9474-1A3956D46DE8}") = "Testing", "Testing", "{D3E13066-A38A-4898-9F4D-E56E9BCB3F7C}"
EndProject
Project("{2150E333-8FDC-42A3-9474-1A3956D46DE8}") = "Service", "Service", "{841F75D3-AFB0-41B5-9A1F-A389E6A04CF8}"
EndProject
Project("{2150E333-8FDC-42A3-9474-1A3956D46DE8}") = "Server", "Server", "{25A86981-9091-4D52-B4C6-FA68876FDA23}"
EndProject
Project("{2150E333-8FDC-42A3-9474-1A3956D46DE8}") = "DataAccess", "DataAccess", "{79066B18-BAB7-414F-BE5A-C2DB3D370DF1}"
EndProject
Project("{2150E333-8FDC-42A3-9474-1A3956D46DE8}") = "Model", "Model", "{310DD53A-37B5-4FA8-B048-8E56F55DAD9C}"
EndProject
Project("{2150E333-8FDC-42A3-9474-1A3956D46DE8}") = "Documents", "Documents", "{BF17D527-5B21-40C3-8999-AA541962257C}"
	ProjectSection(SolutionItems) = preProject
		Documents\Iron Framework developer guide.docx = Documents\Iron Framework developer guide.docx
		Readme.txt = Readme.txt
	EndProjectSection
EndProject
Project("{FAE04EC0-301F-11D3-BF4B-00C04F79EFBC}") = "MVC5Web", "MVC5Web\MVC5Web.csproj", "{5FD82166-C8C7-4D0A-B1A1-203DDF398A66}"
EndProject
Project("{FAE04EC0-301F-11D3-BF4B-00C04F79EFBC}") = "ODataService", "ODataService\ODataService.csproj", "{820F7C26-42CA-4E8A-AD37-7F4A79E2E527}"
EndProject
Project("{FAE04EC0-301F-11D3-BF4B-00C04F79EFBC}") = "ODataServiceTests", "ODataServiceTests\ODataServiceTests.csproj", "{8661CE65-E606-4A71-AA42-CC7C0846180F}"
EndProject
Project("{FAE04EC0-301F-11D3-BF4B-00C04F79EFBC}") = "WCFServiceClient", "WCFServiceClient\WCFServiceClient.csproj", "{3BC57283-C8C4-4840-A081-35F88830FD00}"
EndProject
Project("{FAE04EC0-301F-11D3-BF4B-00C04F79EFBC}") = "ODataWebAPI", "ODataWebAPI\ODataWebAPI.csproj", "{510C6128-6E38-43AD-83FC-9978478D33B9}"
EndProject
Project("{FAE04EC0-301F-11D3-BF4B-00C04F79EFBC}") = "ODataWebAPI.Tests", "ODataWebAPI.Tests\ODataWebAPI.Tests.csproj", "{AB948773-CA27-452E-97E5-4EBDD70CA59D}"
EndProject
Project("{FAE04EC0-301F-11D3-BF4B-00C04F79EFBC}") = "WebApi2.Tests", "WebApi2.Tests\WebApi2.Tests.csproj", "{90BB7690-575A-41E1-8197-B8A30CEEF7DB}"
EndProject
Project("{2150E333-8FDC-42A3-9474-1A3956D46DE8}") = ".nuget", ".nuget", "{A045B66F-D675-4F81-B971-A4E67A766DA9}"
	ProjectSection(SolutionItems) = preProject
		.nuget\NuGet.Config = .nuget\NuGet.Config
		.nuget\NuGet.exe = .nuget\NuGet.exe
		.nuget\NuGet.targets = .nuget\NuGet.targets
	EndProjectSection
EndProject
Project("{FAE04EC0-301F-11D3-BF4B-00C04F79EFBC}") = "DataTransferObject", "DataTransferObject\DataTransferObject.csproj", "{8A550FC8-2CE5-4774-A565-B38899352366}"
EndProject
Project("{FAE04EC0-301F-11D3-BF4B-00C04F79EFBC}") = "WebApi2", "WebApi2\WebApi2.csproj", "{46CFD862-718B-47EA-A971-519F5FBE151D}"
EndProject
Global
	GlobalSection(SolutionConfigurationPlatforms) = preSolution
		Debug|Any CPU = Debug|Any CPU
		Release|Any CPU = Release|Any CPU
	EndGlobalSection
	GlobalSection(ProjectConfigurationPlatforms) = postSolution
		{72AED1A2-1B70-4ED9-9F97-506A7EA9EB51}.Debug|Any CPU.ActiveCfg = Debug|Any CPU
		{72AED1A2-1B70-4ED9-9F97-506A7EA9EB51}.Debug|Any CPU.Build.0 = Debug|Any CPU
		{72AED1A2-1B70-4ED9-9F97-506A7EA9EB51}.Release|Any CPU.ActiveCfg = Release|Any CPU
		{72AED1A2-1B70-4ED9-9F97-506A7EA9EB51}.Release|Any CPU.Build.0 = Release|Any CPU
		{70A400B0-6FE0-4007-AF35-E99835F39922}.Debug|Any CPU.ActiveCfg = Debug|Any CPU
		{70A400B0-6FE0-4007-AF35-E99835F39922}.Debug|Any CPU.Build.0 = Debug|Any CPU
		{70A400B0-6FE0-4007-AF35-E99835F39922}.Release|Any CPU.ActiveCfg = Release|Any CPU
		{70A400B0-6FE0-4007-AF35-E99835F39922}.Release|Any CPU.Build.0 = Release|Any CPU
		{B7BAD4BB-923B-44D8-B908-7C0D257FA78B}.Debug|Any CPU.ActiveCfg = Debug|Any CPU
		{B7BAD4BB-923B-44D8-B908-7C0D257FA78B}.Debug|Any CPU.Build.0 = Debug|Any CPU
		{B7BAD4BB-923B-44D8-B908-7C0D257FA78B}.Release|Any CPU.ActiveCfg = Release|Any CPU
		{B7BAD4BB-923B-44D8-B908-7C0D257FA78B}.Release|Any CPU.Build.0 = Release|Any CPU
		{BF154A8B-0142-4570-B840-5974E88E2DF7}.Debug|Any CPU.ActiveCfg = Debug|Any CPU
		{BF154A8B-0142-4570-B840-5974E88E2DF7}.Debug|Any CPU.Build.0 = Debug|Any CPU
		{BF154A8B-0142-4570-B840-5974E88E2DF7}.Release|Any CPU.ActiveCfg = Release|Any CPU
		{BF154A8B-0142-4570-B840-5974E88E2DF7}.Release|Any CPU.Build.0 = Release|Any CPU
		{5E9D240E-1271-4963-9C3F-FDF2F5522ADE}.Debug|Any CPU.ActiveCfg = Debug|Any CPU
		{5E9D240E-1271-4963-9C3F-FDF2F5522ADE}.Debug|Any CPU.Build.0 = Debug|Any CPU
		{5E9D240E-1271-4963-9C3F-FDF2F5522ADE}.Release|Any CPU.ActiveCfg = Release|Any CPU
		{5E9D240E-1271-4963-9C3F-FDF2F5522ADE}.Release|Any CPU.Build.0 = Release|Any CPU
		{885F614C-A368-443A-87E5-EF0C8AF51695}.Debug|Any CPU.ActiveCfg = Debug|Any CPU
		{885F614C-A368-443A-87E5-EF0C8AF51695}.Debug|Any CPU.Build.0 = Debug|Any CPU
		{885F614C-A368-443A-87E5-EF0C8AF51695}.Release|Any CPU.ActiveCfg = Release|Any CPU
		{885F614C-A368-443A-87E5-EF0C8AF51695}.Release|Any CPU.Build.0 = Release|Any CPU
		{FD090D57-3540-4E7D-90FE-CB33DC797B7C}.Debug|Any CPU.ActiveCfg = Debug|Any CPU
		{FD090D57-3540-4E7D-90FE-CB33DC797B7C}.Debug|Any CPU.Build.0 = Debug|Any CPU
		{FD090D57-3540-4E7D-90FE-CB33DC797B7C}.Release|Any CPU.ActiveCfg = Release|Any CPU
		{FD090D57-3540-4E7D-90FE-CB33DC797B7C}.Release|Any CPU.Build.0 = Release|Any CPU
		{CE7E6223-332A-4320-ACAD-FD0DB154625C}.Debug|Any CPU.ActiveCfg = Debug|Any CPU
		{CE7E6223-332A-4320-ACAD-FD0DB154625C}.Debug|Any CPU.Build.0 = Debug|Any CPU
		{CE7E6223-332A-4320-ACAD-FD0DB154625C}.Release|Any CPU.ActiveCfg = Release|Any CPU
		{CE7E6223-332A-4320-ACAD-FD0DB154625C}.Release|Any CPU.Build.0 = Release|Any CPU
		{190DBAEE-A744-42DE-85B7-2E9BD256971F}.Debug|Any CPU.ActiveCfg = Debug|Any CPU
		{190DBAEE-A744-42DE-85B7-2E9BD256971F}.Debug|Any CPU.Build.0 = Debug|Any CPU
		{190DBAEE-A744-42DE-85B7-2E9BD256971F}.Release|Any CPU.ActiveCfg = Release|Any CPU
		{190DBAEE-A744-42DE-85B7-2E9BD256971F}.Release|Any CPU.Build.0 = Release|Any CPU
		{90CE0470-475D-4D58-98C0-A1D2D86FF266}.Debug|Any CPU.ActiveCfg = Debug|Any CPU
		{90CE0470-475D-4D58-98C0-A1D2D86FF266}.Debug|Any CPU.Build.0 = Debug|Any CPU
		{90CE0470-475D-4D58-98C0-A1D2D86FF266}.Release|Any CPU.ActiveCfg = Release|Any CPU
		{90CE0470-475D-4D58-98C0-A1D2D86FF266}.Release|Any CPU.Build.0 = Release|Any CPU
		{BE7BE133-9EBE-42E9-884B-A7B026FCDA12}.Debug|Any CPU.ActiveCfg = Debug|Any CPU
		{BE7BE133-9EBE-42E9-884B-A7B026FCDA12}.Debug|Any CPU.Build.0 = Debug|Any CPU
		{BE7BE133-9EBE-42E9-884B-A7B026FCDA12}.Release|Any CPU.ActiveCfg = Release|Any CPU
		{BE7BE133-9EBE-42E9-884B-A7B026FCDA12}.Release|Any CPU.Build.0 = Release|Any CPU
		{5FD82166-C8C7-4D0A-B1A1-203DDF398A66}.Debug|Any CPU.ActiveCfg = Debug|Any CPU
		{5FD82166-C8C7-4D0A-B1A1-203DDF398A66}.Debug|Any CPU.Build.0 = Debug|Any CPU
		{5FD82166-C8C7-4D0A-B1A1-203DDF398A66}.Release|Any CPU.ActiveCfg = Release|Any CPU
		{5FD82166-C8C7-4D0A-B1A1-203DDF398A66}.Release|Any CPU.Build.0 = Release|Any CPU
		{820F7C26-42CA-4E8A-AD37-7F4A79E2E527}.Debug|Any CPU.ActiveCfg = Debug|Any CPU
		{820F7C26-42CA-4E8A-AD37-7F4A79E2E527}.Debug|Any CPU.Build.0 = Debug|Any CPU
		{820F7C26-42CA-4E8A-AD37-7F4A79E2E527}.Release|Any CPU.ActiveCfg = Release|Any CPU
		{820F7C26-42CA-4E8A-AD37-7F4A79E2E527}.Release|Any CPU.Build.0 = Release|Any CPU
		{8661CE65-E606-4A71-AA42-CC7C0846180F}.Debug|Any CPU.ActiveCfg = Debug|Any CPU
		{8661CE65-E606-4A71-AA42-CC7C0846180F}.Debug|Any CPU.Build.0 = Debug|Any CPU
		{8661CE65-E606-4A71-AA42-CC7C0846180F}.Release|Any CPU.ActiveCfg = Release|Any CPU
		{8661CE65-E606-4A71-AA42-CC7C0846180F}.Release|Any CPU.Build.0 = Release|Any CPU
		{3BC57283-C8C4-4840-A081-35F88830FD00}.Debug|Any CPU.ActiveCfg = Debug|Any CPU
		{3BC57283-C8C4-4840-A081-35F88830FD00}.Debug|Any CPU.Build.0 = Debug|Any CPU
		{3BC57283-C8C4-4840-A081-35F88830FD00}.Release|Any CPU.ActiveCfg = Release|Any CPU
		{3BC57283-C8C4-4840-A081-35F88830FD00}.Release|Any CPU.Build.0 = Release|Any CPU
		{510C6128-6E38-43AD-83FC-9978478D33B9}.Debug|Any CPU.ActiveCfg = Debug|Any CPU
		{510C6128-6E38-43AD-83FC-9978478D33B9}.Debug|Any CPU.Build.0 = Debug|Any CPU
		{510C6128-6E38-43AD-83FC-9978478D33B9}.Release|Any CPU.ActiveCfg = Release|Any CPU
		{510C6128-6E38-43AD-83FC-9978478D33B9}.Release|Any CPU.Build.0 = Release|Any CPU
		{AB948773-CA27-452E-97E5-4EBDD70CA59D}.Debug|Any CPU.ActiveCfg = Debug|Any CPU
		{AB948773-CA27-452E-97E5-4EBDD70CA59D}.Debug|Any CPU.Build.0 = Debug|Any CPU
		{AB948773-CA27-452E-97E5-4EBDD70CA59D}.Release|Any CPU.ActiveCfg = Release|Any CPU
		{AB948773-CA27-452E-97E5-4EBDD70CA59D}.Release|Any CPU.Build.0 = Release|Any CPU
		{90BB7690-575A-41E1-8197-B8A30CEEF7DB}.Debug|Any CPU.ActiveCfg = Debug|Any CPU
		{90BB7690-575A-41E1-8197-B8A30CEEF7DB}.Debug|Any CPU.Build.0 = Debug|Any CPU
		{90BB7690-575A-41E1-8197-B8A30CEEF7DB}.Release|Any CPU.ActiveCfg = Release|Any CPU
		{90BB7690-575A-41E1-8197-B8A30CEEF7DB}.Release|Any CPU.Build.0 = Release|Any CPU
		{8A550FC8-2CE5-4774-A565-B38899352366}.Debug|Any CPU.ActiveCfg = Debug|Any CPU
		{8A550FC8-2CE5-4774-A565-B38899352366}.Debug|Any CPU.Build.0 = Debug|Any CPU
		{8A550FC8-2CE5-4774-A565-B38899352366}.Release|Any CPU.ActiveCfg = Release|Any CPU
		{8A550FC8-2CE5-4774-A565-B38899352366}.Release|Any CPU.Build.0 = Release|Any CPU
		{46CFD862-718B-47EA-A971-519F5FBE151D}.Debug|Any CPU.ActiveCfg = Debug|Any CPU
		{46CFD862-718B-47EA-A971-519F5FBE151D}.Debug|Any CPU.Build.0 = Debug|Any CPU
		{46CFD862-718B-47EA-A971-519F5FBE151D}.Release|Any CPU.ActiveCfg = Release|Any CPU
		{46CFD862-718B-47EA-A971-519F5FBE151D}.Release|Any CPU.Build.0 = Release|Any CPU
	EndGlobalSection
	GlobalSection(SolutionProperties) = preSolution
		HideSolutionNode = FALSE
	EndGlobalSection
	GlobalSection(NestedProjects) = preSolution
		{72AED1A2-1B70-4ED9-9F97-506A7EA9EB51} = {25A86981-9091-4D52-B4C6-FA68876FDA23}
		{70A400B0-6FE0-4007-AF35-E99835F39922} = {C4C69A57-F9F2-45A5-834D-75D03B6EFA26}
		{B7BAD4BB-923B-44D8-B908-7C0D257FA78B} = {25A86981-9091-4D52-B4C6-FA68876FDA23}
		{BF154A8B-0142-4570-B840-5974E88E2DF7} = {841F75D3-AFB0-41B5-9A1F-A389E6A04CF8}
		{5E9D240E-1271-4963-9C3F-FDF2F5522ADE} = {79066B18-BAB7-414F-BE5A-C2DB3D370DF1}
		{885F614C-A368-443A-87E5-EF0C8AF51695} = {310DD53A-37B5-4FA8-B048-8E56F55DAD9C}
		{FD090D57-3540-4E7D-90FE-CB33DC797B7C} = {C473E42B-4C5B-4C4C-81E5-55BF609BBB84}
		{CE7E6223-332A-4320-ACAD-FD0DB154625C} = {D3E13066-A38A-4898-9F4D-E56E9BCB3F7C}
		{190DBAEE-A744-42DE-85B7-2E9BD256971F} = {D3E13066-A38A-4898-9F4D-E56E9BCB3F7C}
		{90CE0470-475D-4D58-98C0-A1D2D86FF266} = {841F75D3-AFB0-41B5-9A1F-A389E6A04CF8}
		{BE7BE133-9EBE-42E9-884B-A7B026FCDA12} = {C473E42B-4C5B-4C4C-81E5-55BF609BBB84}
		{5FD82166-C8C7-4D0A-B1A1-203DDF398A66} = {C473E42B-4C5B-4C4C-81E5-55BF609BBB84}
		{820F7C26-42CA-4E8A-AD37-7F4A79E2E527} = {841F75D3-AFB0-41B5-9A1F-A389E6A04CF8}
		{8661CE65-E606-4A71-AA42-CC7C0846180F} = {D3E13066-A38A-4898-9F4D-E56E9BCB3F7C}
		{3BC57283-C8C4-4840-A081-35F88830FD00} = {841F75D3-AFB0-41B5-9A1F-A389E6A04CF8}
		{510C6128-6E38-43AD-83FC-9978478D33B9} = {841F75D3-AFB0-41B5-9A1F-A389E6A04CF8}
		{AB948773-CA27-452E-97E5-4EBDD70CA59D} = {D3E13066-A38A-4898-9F4D-E56E9BCB3F7C}
		{90BB7690-575A-41E1-8197-B8A30CEEF7DB} = {D3E13066-A38A-4898-9F4D-E56E9BCB3F7C}
		{8A550FC8-2CE5-4774-A565-B38899352366} = {25A86981-9091-4D52-B4C6-FA68876FDA23}
		{46CFD862-718B-47EA-A971-519F5FBE151D} = {841F75D3-AFB0-41B5-9A1F-A389E6A04CF8}
	EndGlobalSection
	GlobalSection(ExtensibilityGlobals) = postSolution
		EnterpriseLibraryConfigurationToolBinariesPathV6 = packages\EnterpriseLibrary.Common.6.0.1304.0\lib\NET45;packages\EnterpriseLibrary.ExceptionHandling.6.0.1304.0\lib\NET45;packages\EnterpriseLibrary.Logging.6.0.1304.0\lib\NET45;packages\EnterpriseLibrary.ExceptionHandling.Logging.6.0.1304.0\lib\NET45;packages\EnterpriseLibrary.PolicyInjection.6.0.1304.0\lib\NET45;packages\EnterpriseLibrary.Validation.6.0.1304.0\lib\NET45
	EndGlobalSection
EndGlobal
