
Microsoft Visual Studio Solution File, Format Version 12.00
# Visual Studio 14
VisualStudioVersion = 14.0.25420.1
MinimumVisualStudioVersion = 10.0.40219.1
Project("{F088123C-0E9E-452A-89E6-6BA2F21D5CAC}") = "IronModelingProject", "IronModelingProject\IronModelingProject.modelproj", "{885F614C-A368-443A-87E5-EF0C8AF51695}"
EndProject
Global
	GlobalSection(SolutionConfigurationPlatforms) = preSolution
		Debug|Any CPU = Debug|Any CPU
		Release|Any CPU = Release|Any CPU
	EndGlobalSection
	GlobalSection(ProjectConfigurationPlatforms) = postSolution
		{885F614C-A368-443A-87E5-EF0C8AF51695}.Debug|Any CPU.ActiveCfg = Debug|Any CPU
		{885F614C-A368-443A-87E5-EF0C8AF51695}.Debug|Any CPU.Build.0 = Debug|Any CPU
		{885F614C-A368-443A-87E5-EF0C8AF51695}.Release|Any CPU.ActiveCfg = Release|Any CPU
		{885F614C-A368-443A-87E5-EF0C8AF51695}.Release|Any CPU.Build.0 = Release|Any CPU
	EndGlobalSection
	GlobalSection(SolutionProperties) = preSolution
		HideSolutionNode = FALSE
	EndGlobalSection
EndGlobal
